
Microsoft Visual Studio Solution File, Format Version 12.00
# Visual Studio 15
VisualStudioVersion = 15.0.28307.136
MinimumVisualStudioVersion = 10.0.40219.1
Project("{FAE04EC0-301F-11D3-BF4B-00C04F79EFBC}") = "Monkeys_n_Basket", "Monkeys_n_Basket\Monkeys_n_Basket.csproj", "{B86BB44A-E3A0-4A27-A832-C71B3F03DAFB}"
EndProject
Global
	GlobalSection(SolutionConfigurationPlatforms) = preSolution
		Debug|Any CPU = Debug|Any CPU
		Release|Any CPU = Release|Any CPU
	EndGlobalSection
	GlobalSection(ProjectConfigurationPlatforms) = postSolution
		{B86BB44A-E3A0-4A27-A832-C71B3F03DAFB}.Debug|Any CPU.ActiveCfg = Debug|Any CPU
		{B86BB44A-E3A0-4A27-A832-C71B3F03DAFB}.Debug|Any CPU.Build.0 = Debug|Any CPU
		{B86BB44A-E3A0-4A27-A832-C71B3F03DAFB}.Release|Any CPU.ActiveCfg = Release|Any CPU
		{B86BB44A-E3A0-4A27-A832-C71B3F03DAFB}.Release|Any CPU.Build.0 = Release|Any CPU
	EndGlobalSection
	GlobalSection(SolutionProperties) = preSolution
		HideSolutionNode = FALSE
	EndGlobalSection
	GlobalSection(ExtensibilityGlobals) = postSolution
		SolutionGuid = {7A33DF66-39BC-4B81-A5DE-F18A5B915592}
	EndGlobalSection
EndGlobal
